
Microsoft Visual Studio Solution File, Format Version 11.00
# Visual Studio 2010
Project("{FAE04EC0-301F-11D3-BF4B-00C04F79EFBC}") = "SQRL.Domain", "SQRL.Domain\SQRL.Domain.csproj", "{935BF75D-5767-48B7-B3AD-776AB571DFF2}"
EndProject
Project("{FAE04EC0-301F-11D3-BF4B-00C04F79EFBC}") = "SQRL.DataAccess", "SQRL.DataAccess\SQRL.DataAccess.csproj", "{B0B073D4-E2A9-418F-AEAF-9C9F3C4CD28D}"
EndProject
Project("{FAE04EC0-301F-11D3-BF4B-00C04F79EFBC}") = "SQRL.ConsoleTest", "SQRL.ConsoleTest\SQRL.ConsoleTest.csproj", "{6E6CB99A-709A-488A-8BDA-390724702D00}"
EndProject
Global
	GlobalSection(SolutionConfigurationPlatforms) = preSolution
		Debug|Any CPU = Debug|Any CPU
		Debug|Mixed Platforms = Debug|Mixed Platforms
		Debug|x86 = Debug|x86
		Release|Any CPU = Release|Any CPU
		Release|Mixed Platforms = Release|Mixed Platforms
		Release|x86 = Release|x86
	EndGlobalSection
	GlobalSection(ProjectConfigurationPlatforms) = postSolution
		{935BF75D-5767-48B7-B3AD-776AB571DFF2}.Debug|Any CPU.ActiveCfg = Debug|Any CPU
		{935BF75D-5767-48B7-B3AD-776AB571DFF2}.Debug|Any CPU.Build.0 = Debug|Any CPU
		{935BF75D-5767-48B7-B3AD-776AB571DFF2}.Debug|Mixed Platforms.ActiveCfg = Debug|Any CPU
		{935BF75D-5767-48B7-B3AD-776AB571DFF2}.Debug|Mixed Platforms.Build.0 = Debug|Any CPU
		{935BF75D-5767-48B7-B3AD-776AB571DFF2}.Debug|x86.ActiveCfg = Debug|Any CPU
		{935BF75D-5767-48B7-B3AD-776AB571DFF2}.Release|Any CPU.ActiveCfg = Release|Any CPU
		{935BF75D-5767-48B7-B3AD-776AB571DFF2}.Release|Any CPU.Build.0 = Release|Any CPU
		{935BF75D-5767-48B7-B3AD-776AB571DFF2}.Release|Mixed Platforms.ActiveCfg = Release|Any CPU
		{935BF75D-5767-48B7-B3AD-776AB571DFF2}.Release|Mixed Platforms.Build.0 = Release|Any CPU
		{935BF75D-5767-48B7-B3AD-776AB571DFF2}.Release|x86.ActiveCfg = Release|Any CPU
		{B0B073D4-E2A9-418F-AEAF-9C9F3C4CD28D}.Debug|Any CPU.ActiveCfg = Debug|Any CPU
		{B0B073D4-E2A9-418F-AEAF-9C9F3C4CD28D}.Debug|Any CPU.Build.0 = Debug|Any CPU
		{B0B073D4-E2A9-418F-AEAF-9C9F3C4CD28D}.Debug|Mixed Platforms.ActiveCfg = Debug|Any CPU
		{B0B073D4-E2A9-418F-AEAF-9C9F3C4CD28D}.Debug|Mixed Platforms.Build.0 = Debug|Any CPU
		{B0B073D4-E2A9-418F-AEAF-9C9F3C4CD28D}.Debug|x86.ActiveCfg = Debug|Any CPU
		{B0B073D4-E2A9-418F-AEAF-9C9F3C4CD28D}.Release|Any CPU.ActiveCfg = Release|Any CPU
		{B0B073D4-E2A9-418F-AEAF-9C9F3C4CD28D}.Release|Any CPU.Build.0 = Release|Any CPU
		{B0B073D4-E2A9-418F-AEAF-9C9F3C4CD28D}.Release|Mixed Platforms.ActiveCfg = Release|Any CPU
		{B0B073D4-E2A9-418F-AEAF-9C9F3C4CD28D}.Release|Mixed Platforms.Build.0 = Release|Any CPU
		{B0B073D4-E2A9-418F-AEAF-9C9F3C4CD28D}.Release|x86.ActiveCfg = Release|Any CPU
		{6E6CB99A-709A-488A-8BDA-390724702D00}.Debug|Any CPU.ActiveCfg = Debug|x86
		{6E6CB99A-709A-488A-8BDA-390724702D00}.Debug|Mixed Platforms.ActiveCfg = Debug|x86
		{6E6CB99A-709A-488A-8BDA-390724702D00}.Debug|Mixed Platforms.Build.0 = Debug|x86
		{6E6CB99A-709A-488A-8BDA-390724702D00}.Debug|x86.ActiveCfg = Debug|x86
		{6E6CB99A-709A-488A-8BDA-390724702D00}.Debug|x86.Build.0 = Debug|x86
		{6E6CB99A-709A-488A-8BDA-390724702D00}.Release|Any CPU.ActiveCfg = Release|x86
		{6E6CB99A-709A-488A-8BDA-390724702D00}.Release|Mixed Platforms.ActiveCfg = Release|x86
		{6E6CB99A-709A-488A-8BDA-390724702D00}.Release|Mixed Platforms.Build.0 = Release|x86
		{6E6CB99A-709A-488A-8BDA-390724702D00}.Release|x86.ActiveCfg = Release|x86
		{6E6CB99A-709A-488A-8BDA-390724702D00}.Release|x86.Build.0 = Release|x86
	EndGlobalSection
	GlobalSection(SolutionProperties) = preSolution
		HideSolutionNode = FALSE
	EndGlobalSection
EndGlobal
